
Microsoft Visual Studio Solution File, Format Version 12.00
# Visual Studio 15
VisualStudioVersion = 15.0.28010.2026
MinimumVisualStudioVersion = 10.0.40219.1
Project("{FAE04EC0-301F-11D3-BF4B-00C04F79EFBC}") = "SuperElectricCarRental", "SuperElectricCarRental\SuperElectricCarRental.csproj", "{EAFA8A2A-2784-473F-8DF4-25DAE88014B1}"
EndProject
Global
	GlobalSection(SolutionConfigurationPlatforms) = preSolution
		Debug|Any CPU = Debug|Any CPU
		Release|Any CPU = Release|Any CPU
	EndGlobalSection
	GlobalSection(ProjectConfigurationPlatforms) = postSolution
		{EAFA8A2A-2784-473F-8DF4-25DAE88014B1}.Debug|Any CPU.ActiveCfg = Debug|Any CPU
		{EAFA8A2A-2784-473F-8DF4-25DAE88014B1}.Debug|Any CPU.Build.0 = Debug|Any CPU
		{EAFA8A2A-2784-473F-8DF4-25DAE88014B1}.Release|Any CPU.ActiveCfg = Release|Any CPU
		{EAFA8A2A-2784-473F-8DF4-25DAE88014B1}.Release|Any CPU.Build.0 = Release|Any CPU
	EndGlobalSection
	GlobalSection(SolutionProperties) = preSolution
		HideSolutionNode = FALSE
	EndGlobalSection
	GlobalSection(ExtensibilityGlobals) = postSolution
		SolutionGuid = {92F4CA0F-694D-4606-8798-3DD93A034DE2}
	EndGlobalSection
EndGlobal
